
Microsoft Visual Studio Solution File, Format Version 12.00
# Visual Studio Version 16
VisualStudioVersion = 16.0.30717.126
MinimumVisualStudioVersion = 10.0.40219.1
Project("{FAE04EC0-301F-11D3-BF4B-00C04F79EFBC}") = "Tone_Iulia_Paula", "Tone_Iulia_Paula\Tone_Iulia_Paula.csproj", "{73081F7C-4F2C-4C00-9B52-F49D2549D362}"
EndProject
Project("{FAE04EC0-301F-11D3-BF4B-00C04F79EFBC}") = "UserControlProject", "UserControlProject\UserControlProject.csproj", "{BD743CBD-F15C-4928-AD70-39BDBCDE3EDD}"
EndProject
Global
	GlobalSection(SolutionConfigurationPlatforms) = preSolution
		Debug|Any CPU = Debug|Any CPU
		Release|Any CPU = Release|Any CPU
	EndGlobalSection
	GlobalSection(ProjectConfigurationPlatforms) = postSolution
		{73081F7C-4F2C-4C00-9B52-F49D2549D362}.Debug|Any CPU.ActiveCfg = Debug|Any CPU
		{73081F7C-4F2C-4C00-9B52-F49D2549D362}.Debug|Any CPU.Build.0 = Debug|Any CPU
		{73081F7C-4F2C-4C00-9B52-F49D2549D362}.Release|Any CPU.ActiveCfg = Release|Any CPU
		{73081F7C-4F2C-4C00-9B52-F49D2549D362}.Release|Any CPU.Build.0 = Release|Any CPU
		{BD743CBD-F15C-4928-AD70-39BDBCDE3EDD}.Debug|Any CPU.ActiveCfg = Debug|Any CPU
		{BD743CBD-F15C-4928-AD70-39BDBCDE3EDD}.Debug|Any CPU.Build.0 = Debug|Any CPU
		{BD743CBD-F15C-4928-AD70-39BDBCDE3EDD}.Release|Any CPU.ActiveCfg = Release|Any CPU
		{BD743CBD-F15C-4928-AD70-39BDBCDE3EDD}.Release|Any CPU.Build.0 = Release|Any CPU
	EndGlobalSection
	GlobalSection(SolutionProperties) = preSolution
		HideSolutionNode = FALSE
	EndGlobalSection
	GlobalSection(ExtensibilityGlobals) = postSolution
		SolutionGuid = {1EAE49FF-1EC4-403D-A52B-EAEC777FB184}
	EndGlobalSection
EndGlobal
